%{
  "elixir_make": {:hex, :elixir_make, "0.9.0", "6484b3cd8c0cee58f09f05ecaf1a140a8c97670671a6a0e7ab4dc326c3109726", [:mix], [], "hexpm", "db23d4fd8b757462ad02f8aa73431a426fe6671c80b200d9710caf3d1dd0ffdb"},
  "libusb": {:git, "https://github.com/shawnonthenet/elixir_libusb.git", "3894fd72dd5f8ab0a3af8e8a07d40ac0ac16318a", []},
  "pixels": {:git, "https://github.com/shawnonthenet/pixels.git", "ebef42994df044f4ce12251c6bf90dfb3bd56039", []},
}
